
Microsoft Visual Studio Solution File, Format Version 9.00
# Visual Studio 2005
Project("{FAE04EC0-301F-11D3-BF4B-00C04F79EFBC}") = "g25", "g25.csproj", "{1534D236-6DEB-4AC6-877C-3B39F2F7322D}"
	ProjectSection(ProjectDependencies) = postProject
		{EE20FDD1-73CB-45AD-99ED-7C966CA55008} = {EE20FDD1-73CB-45AD-99ED-7C966CA55008}
		{CA3BA84A-64BB-4798-B7A8-E5EB86DA2939} = {CA3BA84A-64BB-4798-B7A8-E5EB86DA2939}
		{7F4AC507-9298-483A-8AC4-7713479DEECA} = {7F4AC507-9298-483A-8AC4-7713479DEECA}
		{3201341A-C332-493F-9B02-029D0C1229A8} = {3201341A-C332-493F-9B02-029D0C1229A8}
	EndProjectSection
EndProject
Project("{FAE04EC0-301F-11D3-BF4B-00C04F79EFBC}") = "libg25", "..\..\libg25\vs2005\libg25.csproj", "{7F4AC507-9298-483A-8AC4-7713479DEECA}"
	ProjectSection(ProjectDependencies) = postProject
		{CA3BA84A-64BB-4798-B7A8-E5EB86DA2939} = {CA3BA84A-64BB-4798-B7A8-E5EB86DA2939}
		{EE20FDD1-73CB-45AD-99ED-7C966CA55008} = {EE20FDD1-73CB-45AD-99ED-7C966CA55008}
	EndProjectSection
EndProject
Project("{FAE04EC0-301F-11D3-BF4B-00C04F79EFBC}") = "refga", "..\..\refga\vs2005\refga.csproj", "{EE20FDD1-73CB-45AD-99ED-7C966CA55008}"
EndProject
Project("{FAE04EC0-301F-11D3-BF4B-00C04F79EFBC}") = "cogsharp", "..\..\cogsharp\cogsharp\vs2005\cogsharp.csproj", "{CA3BA84A-64BB-4798-B7A8-E5EB86DA2939}"
EndProject
Project("{FAE04EC0-301F-11D3-BF4B-00C04F79EFBC}") = "g25_cg_shared", "..\..\g25_cg_shared\vs2005\g25_cg_shared.csproj", "{3201341A-C332-493F-9B02-029D0C1229A8}"
	ProjectSection(ProjectDependencies) = postProject
		{7F4AC507-9298-483A-8AC4-7713479DEECA} = {7F4AC507-9298-483A-8AC4-7713479DEECA}
		{CA3BA84A-64BB-4798-B7A8-E5EB86DA2939} = {CA3BA84A-64BB-4798-B7A8-E5EB86DA2939}
		{EE20FDD1-73CB-45AD-99ED-7C966CA55008} = {EE20FDD1-73CB-45AD-99ED-7C966CA55008}
	EndProjectSection
EndProject
Project("{FAE04EC0-301F-11D3-BF4B-00C04F79EFBC}") = "g25_cg_c", "..\..\g25_cg_c\vs2005\g25_cg_c.csproj", "{74975241-0E2A-492F-9796-1E2EEE970145}"
EndProject
Project("{FAE04EC0-301F-11D3-BF4B-00C04F79EFBC}") = "g25_cg_cpp", "..\..\g25_cg_cpp\vs2005\g25_cg_cpp.csproj", "{BFA9283B-4049-4990-AFA9-E4E8E7219F91}"
EndProject
Project("{FAE04EC0-301F-11D3-BF4B-00C04F79EFBC}") = "g25_cg_csharp", "..\..\g25_cg_csharp\vs2005\g25_cg_csharp.csproj", "{8D84CBB4-3DF8-44D5-8C3A-BD6459F5299F}"
EndProject
Project("{FAE04EC0-301F-11D3-BF4B-00C04F79EFBC}") = "g25_cg_java", "..\..\g25_cg_java\vs2005\g25_cg_java.csproj", "{63A8F50E-67AD-4744-BB72-F3957C8043D5}"
EndProject
Project("{FAE04EC0-301F-11D3-BF4B-00C04F79EFBC}") = "g25_cg_matlab", "..\..\g25_cg_matlab\vs2005\g25_cg_matlab.csproj", "{745E9E14-D789-40F6-AF85-99681F379D0B}"
EndProject
Project("{FAE04EC0-301F-11D3-BF4B-00C04F79EFBC}") = "g25_cg_python", "..\..\g25_cg_python\vs2005\g25_cg_python.csproj", "{713615F2-9203-4909-90F3-3796AEC9F96F}"
EndProject
Global
	GlobalSection(SolutionConfigurationPlatforms) = preSolution
		Debug|Any CPU = Debug|Any CPU
		Release|Any CPU = Release|Any CPU
	EndGlobalSection
	GlobalSection(ProjectConfigurationPlatforms) = postSolution
		{1534D236-6DEB-4AC6-877C-3B39F2F7322D}.Debug|Any CPU.ActiveCfg = Debug|Any CPU
		{1534D236-6DEB-4AC6-877C-3B39F2F7322D}.Debug|Any CPU.Build.0 = Debug|Any CPU
		{1534D236-6DEB-4AC6-877C-3B39F2F7322D}.Release|Any CPU.ActiveCfg = Release|Any CPU
		{1534D236-6DEB-4AC6-877C-3B39F2F7322D}.Release|Any CPU.Build.0 = Release|Any CPU
		{7F4AC507-9298-483A-8AC4-7713479DEECA}.Debug|Any CPU.ActiveCfg = Debug|Any CPU
		{7F4AC507-9298-483A-8AC4-7713479DEECA}.Debug|Any CPU.Build.0 = Debug|Any CPU
		{7F4AC507-9298-483A-8AC4-7713479DEECA}.Release|Any CPU.ActiveCfg = Release|Any CPU
		{7F4AC507-9298-483A-8AC4-7713479DEECA}.Release|Any CPU.Build.0 = Release|Any CPU
		{EE20FDD1-73CB-45AD-99ED-7C966CA55008}.Debug|Any CPU.ActiveCfg = Debug|Any CPU
		{EE20FDD1-73CB-45AD-99ED-7C966CA55008}.Debug|Any CPU.Build.0 = Debug|Any CPU
		{EE20FDD1-73CB-45AD-99ED-7C966CA55008}.Release|Any CPU.ActiveCfg = Release|Any CPU
		{EE20FDD1-73CB-45AD-99ED-7C966CA55008}.Release|Any CPU.Build.0 = Release|Any CPU
		{CA3BA84A-64BB-4798-B7A8-E5EB86DA2939}.Debug|Any CPU.ActiveCfg = Debug|Any CPU
		{CA3BA84A-64BB-4798-B7A8-E5EB86DA2939}.Debug|Any CPU.Build.0 = Debug|Any CPU
		{CA3BA84A-64BB-4798-B7A8-E5EB86DA2939}.Release|Any CPU.ActiveCfg = Release|Any CPU
		{CA3BA84A-64BB-4798-B7A8-E5EB86DA2939}.Release|Any CPU.Build.0 = Release|Any CPU
		{3201341A-C332-493F-9B02-029D0C1229A8}.Debug|Any CPU.ActiveCfg = Debug|Any CPU
		{3201341A-C332-493F-9B02-029D0C1229A8}.Debug|Any CPU.Build.0 = Debug|Any CPU
		{3201341A-C332-493F-9B02-029D0C1229A8}.Release|Any CPU.ActiveCfg = Release|Any CPU
		{3201341A-C332-493F-9B02-029D0C1229A8}.Release|Any CPU.Build.0 = Release|Any CPU
		{74975241-0E2A-492F-9796-1E2EEE970145}.Debug|Any CPU.ActiveCfg = Debug|Any CPU
		{74975241-0E2A-492F-9796-1E2EEE970145}.Debug|Any CPU.Build.0 = Debug|Any CPU
		{74975241-0E2A-492F-9796-1E2EEE970145}.Release|Any CPU.ActiveCfg = Release|Any CPU
		{74975241-0E2A-492F-9796-1E2EEE970145}.Release|Any CPU.Build.0 = Release|Any CPU
		{BFA9283B-4049-4990-AFA9-E4E8E7219F91}.Debug|Any CPU.ActiveCfg = Debug|Any CPU
		{BFA9283B-4049-4990-AFA9-E4E8E7219F91}.Debug|Any CPU.Build.0 = Debug|Any CPU
		{BFA9283B-4049-4990-AFA9-E4E8E7219F91}.Release|Any CPU.ActiveCfg = Release|Any CPU
		{BFA9283B-4049-4990-AFA9-E4E8E7219F91}.Release|Any CPU.Build.0 = Release|Any CPU
		{8D84CBB4-3DF8-44D5-8C3A-BD6459F5299F}.Debug|Any CPU.ActiveCfg = Debug|Any CPU
		{8D84CBB4-3DF8-44D5-8C3A-BD6459F5299F}.Debug|Any CPU.Build.0 = Debug|Any CPU
		{8D84CBB4-3DF8-44D5-8C3A-BD6459F5299F}.Release|Any CPU.ActiveCfg = Release|Any CPU
		{8D84CBB4-3DF8-44D5-8C3A-BD6459F5299F}.Release|Any CPU.Build.0 = Release|Any CPU
		{63A8F50E-67AD-4744-BB72-F3957C8043D5}.Debug|Any CPU.ActiveCfg = Debug|Any CPU
		{63A8F50E-67AD-4744-BB72-F3957C8043D5}.Debug|Any CPU.Build.0 = Debug|Any CPU
		{63A8F50E-67AD-4744-BB72-F3957C8043D5}.Release|Any CPU.ActiveCfg = Release|Any CPU
		{63A8F50E-67AD-4744-BB72-F3957C8043D5}.Release|Any CPU.Build.0 = Release|Any CPU
		{745E9E14-D789-40F6-AF85-99681F379D0B}.Debug|Any CPU.ActiveCfg = Debug|Any CPU
		{745E9E14-D789-40F6-AF85-99681F379D0B}.Debug|Any CPU.Build.0 = Debug|Any CPU
		{745E9E14-D789-40F6-AF85-99681F379D0B}.Release|Any CPU.ActiveCfg = Release|Any CPU
		{745E9E14-D789-40F6-AF85-99681F379D0B}.Release|Any CPU.Build.0 = Release|Any CPU
		{713615F2-9203-4909-90F3-3796AEC9F96F}.Debug|Any CPU.ActiveCfg = Debug|Any CPU
		{713615F2-9203-4909-90F3-3796AEC9F96F}.Debug|Any CPU.Build.0 = Debug|Any CPU
		{713615F2-9203-4909-90F3-3796AEC9F96F}.Release|Any CPU.ActiveCfg = Release|Any CPU
		{713615F2-9203-4909-90F3-3796AEC9F96F}.Release|Any CPU.Build.0 = Release|Any CPU
	EndGlobalSection
	GlobalSection(SolutionProperties) = preSolution
		HideSolutionNode = FALSE
	EndGlobalSection
EndGlobal
