
Microsoft Visual Studio Solution File, Format Version 10.00
# Visual Studio 2008
Project("{FAE04EC0-301F-11D3-BF4B-00C04F79EFBC}") = "g25_cg_c", "g25_cg_c.csproj", "{1B99B0E4-6DF8-4F1C-8EA7-F403A59A7769}"
EndProject
Global
	GlobalSection(SolutionConfigurationPlatforms) = preSolution
		Debug|Any CPU = Debug|Any CPU
		Release|Any CPU = Release|Any CPU
	EndGlobalSection
	GlobalSection(ProjectConfigurationPlatforms) = postSolution
		{1B99B0E4-6DF8-4F1C-8EA7-F403A59A7769}.Debug|Any CPU.ActiveCfg = Debug|Any CPU
		{1B99B0E4-6DF8-4F1C-8EA7-F403A59A7769}.Debug|Any CPU.Build.0 = Debug|Any CPU
		{1B99B0E4-6DF8-4F1C-8EA7-F403A59A7769}.Release|Any CPU.ActiveCfg = Release|Any CPU
		{1B99B0E4-6DF8-4F1C-8EA7-F403A59A7769}.Release|Any CPU.Build.0 = Release|Any CPU
	EndGlobalSection
	GlobalSection(SolutionProperties) = preSolution
		HideSolutionNode = FALSE
	EndGlobalSection
EndGlobal
