
Microsoft Visual Studio Solution File, Format Version 10.00
# Visual Studio 2008
Project("{8BC9CEB8-8B4A-11D0-8D11-00A0C91BC942}") = "matlab_e2ga", "matlab_e2ga.vcproj", "{E2659F1C-DAC0-4AAE-B595-9EAC7995919A}"
EndProject
Global
	GlobalSection(SolutionConfigurationPlatforms) = preSolution
		Debug|Win32 = Debug|Win32
		Release|Win32 = Release|Win32
	EndGlobalSection
	GlobalSection(ProjectConfigurationPlatforms) = postSolution
		{E2659F1C-DAC0-4AAE-B595-9EAC7995919A}.Debug|Win32.ActiveCfg = Debug|Win32
		{E2659F1C-DAC0-4AAE-B595-9EAC7995919A}.Debug|Win32.Build.0 = Debug|Win32
		{E2659F1C-DAC0-4AAE-B595-9EAC7995919A}.Release|Win32.ActiveCfg = Release|Win32
		{E2659F1C-DAC0-4AAE-B595-9EAC7995919A}.Release|Win32.Build.0 = Release|Win32
	EndGlobalSection
	GlobalSection(SolutionProperties) = preSolution
		HideSolutionNode = FALSE
	EndGlobalSection
EndGlobal
