
Microsoft Visual Studio Solution File, Format Version 10.00
# Visual Studio 2008
Project("{FAE04EC0-301F-11D3-BF4B-00C04F79EFBC}") = "G25", "g25.csproj", "{5C0BFA2B-01FB-4D28-8F87-FE128D3D54A0}"
	ProjectSection(ProjectDependencies) = postProject
		{5E5D126A-1095-42DC-9D25-CA0D7960CE01} = {5E5D126A-1095-42DC-9D25-CA0D7960CE01}
		{AB55FF76-52B1-4D50-9514-42B75548DAA3} = {AB55FF76-52B1-4D50-9514-42B75548DAA3}
	EndProjectSection
EndProject
Project("{FAE04EC0-301F-11D3-BF4B-00C04F79EFBC}") = "libg25", "..\..\libg25\vs2008\libg25.csproj", "{B3586D97-C4B7-4872-8CEB-AAD8651F41A2}"
	ProjectSection(ProjectDependencies) = postProject
		{5E5D126A-1095-42DC-9D25-CA0D7960CE01} = {5E5D126A-1095-42DC-9D25-CA0D7960CE01}
		{AB55FF76-52B1-4D50-9514-42B75548DAA3} = {AB55FF76-52B1-4D50-9514-42B75548DAA3}
	EndProjectSection
EndProject
Project("{FAE04EC0-301F-11D3-BF4B-00C04F79EFBC}") = "refga", "..\..\refga\vs2008\refga.csproj", "{5E5D126A-1095-42DC-9D25-CA0D7960CE01}"
EndProject
Project("{FAE04EC0-301F-11D3-BF4B-00C04F79EFBC}") = "cogsharp", "..\..\cogsharp\cogsharp\vs2008\cogsharp.csproj", "{AB55FF76-52B1-4D50-9514-42B75548DAA3}"
EndProject
Project("{FAE04EC0-301F-11D3-BF4B-00C04F79EFBC}") = "g25_cg_shared", "..\..\g25_cg_shared\vs2008\g25_cg_shared.csproj", "{3442FC1F-E44B-41ED-869B-E77B53EE1BC1}"
EndProject
Project("{FAE04EC0-301F-11D3-BF4B-00C04F79EFBC}") = "g25_cg_c", "..\..\g25_cg_c\vs2008\g25_cg_c.csproj", "{1B99B0E4-6DF8-4F1C-8EA7-F403A59A7769}"
EndProject
Project("{FAE04EC0-301F-11D3-BF4B-00C04F79EFBC}") = "g25_cg_cpp", "..\..\g25_cg_cpp\vs2008\g25_cg_cpp.csproj", "{ABE11A17-A078-4119-B12F-A6C600FD4DB1}"
	ProjectSection(ProjectDependencies) = postProject
		{3442FC1F-E44B-41ED-869B-E77B53EE1BC1} = {3442FC1F-E44B-41ED-869B-E77B53EE1BC1}
		{5E5D126A-1095-42DC-9D25-CA0D7960CE01} = {5E5D126A-1095-42DC-9D25-CA0D7960CE01}
		{AB55FF76-52B1-4D50-9514-42B75548DAA3} = {AB55FF76-52B1-4D50-9514-42B75548DAA3}
		{B3586D97-C4B7-4872-8CEB-AAD8651F41A2} = {B3586D97-C4B7-4872-8CEB-AAD8651F41A2}
	EndProjectSection
EndProject
Project("{FAE04EC0-301F-11D3-BF4B-00C04F79EFBC}") = "g25_cg_csharp", "..\..\g25_cg_csharp\vs2008\g25_cg_csharp.csproj", "{4D3B65C9-ADFE-49DC-B507-779FE2BC708F}"
	ProjectSection(ProjectDependencies) = postProject
		{3442FC1F-E44B-41ED-869B-E77B53EE1BC1} = {3442FC1F-E44B-41ED-869B-E77B53EE1BC1}
		{5E5D126A-1095-42DC-9D25-CA0D7960CE01} = {5E5D126A-1095-42DC-9D25-CA0D7960CE01}
		{AB55FF76-52B1-4D50-9514-42B75548DAA3} = {AB55FF76-52B1-4D50-9514-42B75548DAA3}
		{B3586D97-C4B7-4872-8CEB-AAD8651F41A2} = {B3586D97-C4B7-4872-8CEB-AAD8651F41A2}
	EndProjectSection
EndProject
Project("{FAE04EC0-301F-11D3-BF4B-00C04F79EFBC}") = "g25_cg_java", "..\..\g25_cg_java\vs2008\g25_cg_java.csproj", "{A8F5D102-AB4F-4E10-A74A-CC4CA1DA15A6}"
	ProjectSection(ProjectDependencies) = postProject
		{3442FC1F-E44B-41ED-869B-E77B53EE1BC1} = {3442FC1F-E44B-41ED-869B-E77B53EE1BC1}
		{5E5D126A-1095-42DC-9D25-CA0D7960CE01} = {5E5D126A-1095-42DC-9D25-CA0D7960CE01}
		{AB55FF76-52B1-4D50-9514-42B75548DAA3} = {AB55FF76-52B1-4D50-9514-42B75548DAA3}
		{B3586D97-C4B7-4872-8CEB-AAD8651F41A2} = {B3586D97-C4B7-4872-8CEB-AAD8651F41A2}
	EndProjectSection
EndProject
Project("{FAE04EC0-301F-11D3-BF4B-00C04F79EFBC}") = "g25_cg_matlab", "..\..\g25_cg_matlab\vs2008\g25_cg_matlab.csproj", "{BC1349BC-2140-4AE1-A9AD-EAAD80721BCB}"
	ProjectSection(ProjectDependencies) = postProject
		{3442FC1F-E44B-41ED-869B-E77B53EE1BC1} = {3442FC1F-E44B-41ED-869B-E77B53EE1BC1}
		{5E5D126A-1095-42DC-9D25-CA0D7960CE01} = {5E5D126A-1095-42DC-9D25-CA0D7960CE01}
		{AB55FF76-52B1-4D50-9514-42B75548DAA3} = {AB55FF76-52B1-4D50-9514-42B75548DAA3}
		{B3586D97-C4B7-4872-8CEB-AAD8651F41A2} = {B3586D97-C4B7-4872-8CEB-AAD8651F41A2}
	EndProjectSection
EndProject
Project("{FAE04EC0-301F-11D3-BF4B-00C04F79EFBC}") = "g25_cg_python", "..\..\g25_cg_python\vs2008\g25_cg_python.csproj", "{EED809E3-0A0D-41B2-9D7A-7D32E11E3683}"
	ProjectSection(ProjectDependencies) = postProject
		{3442FC1F-E44B-41ED-869B-E77B53EE1BC1} = {3442FC1F-E44B-41ED-869B-E77B53EE1BC1}
		{5E5D126A-1095-42DC-9D25-CA0D7960CE01} = {5E5D126A-1095-42DC-9D25-CA0D7960CE01}
		{AB55FF76-52B1-4D50-9514-42B75548DAA3} = {AB55FF76-52B1-4D50-9514-42B75548DAA3}
		{B3586D97-C4B7-4872-8CEB-AAD8651F41A2} = {B3586D97-C4B7-4872-8CEB-AAD8651F41A2}
	EndProjectSection
EndProject
Project("{FAE04EC0-301F-11D3-BF4B-00C04F79EFBC}") = "CustomWindowsInstallerActions", "..\setup_win\CustomWindowsInstallerActions\CustomWindowsInstallerActions.csproj", "{3938BEFB-2657-4AD9-B02A-F3BC7C9213AF}"
EndProject
Project("{FAE04EC0-301F-11D3-BF4B-00C04F79EFBC}") = "g25_diff", "..\..\g25_diff\vs2008\g25_diff.csproj", "{AEED4148-3FF6-442C-B093-083F83896497}"
EndProject
Project("{54435603-DBB4-11D2-8724-00A0C9A8B90C}") = "InstallG25", "..\setup_win\InstallG25\InstallG25.vdproj", "{1D296005-327B-4499-A4D5-4DDD418BFEDC}"
EndProject
Project("{FAE04EC0-301F-11D3-BF4B-00C04F79EFBC}") = "g25_test_generator", "..\..\g25_test_generator\vs2008\g25_test_generator.csproj", "{CA831895-7489-4FC3-8A2E-66DA47161CED}"
EndProject
Global
	GlobalSection(SolutionConfigurationPlatforms) = preSolution
		Debug|Any CPU = Debug|Any CPU
		Release|Any CPU = Release|Any CPU
	EndGlobalSection
	GlobalSection(ProjectConfigurationPlatforms) = postSolution
		{5C0BFA2B-01FB-4D28-8F87-FE128D3D54A0}.Debug|Any CPU.ActiveCfg = Debug|Any CPU
		{5C0BFA2B-01FB-4D28-8F87-FE128D3D54A0}.Debug|Any CPU.Build.0 = Debug|Any CPU
		{5C0BFA2B-01FB-4D28-8F87-FE128D3D54A0}.Release|Any CPU.ActiveCfg = Release|Any CPU
		{5C0BFA2B-01FB-4D28-8F87-FE128D3D54A0}.Release|Any CPU.Build.0 = Release|Any CPU
		{B3586D97-C4B7-4872-8CEB-AAD8651F41A2}.Debug|Any CPU.ActiveCfg = Debug|Any CPU
		{B3586D97-C4B7-4872-8CEB-AAD8651F41A2}.Debug|Any CPU.Build.0 = Debug|Any CPU
		{B3586D97-C4B7-4872-8CEB-AAD8651F41A2}.Release|Any CPU.ActiveCfg = Release|Any CPU
		{B3586D97-C4B7-4872-8CEB-AAD8651F41A2}.Release|Any CPU.Build.0 = Release|Any CPU
		{5E5D126A-1095-42DC-9D25-CA0D7960CE01}.Debug|Any CPU.ActiveCfg = Debug|Any CPU
		{5E5D126A-1095-42DC-9D25-CA0D7960CE01}.Debug|Any CPU.Build.0 = Debug|Any CPU
		{5E5D126A-1095-42DC-9D25-CA0D7960CE01}.Release|Any CPU.ActiveCfg = Release|Any CPU
		{5E5D126A-1095-42DC-9D25-CA0D7960CE01}.Release|Any CPU.Build.0 = Release|Any CPU
		{AB55FF76-52B1-4D50-9514-42B75548DAA3}.Debug|Any CPU.ActiveCfg = Debug|Any CPU
		{AB55FF76-52B1-4D50-9514-42B75548DAA3}.Debug|Any CPU.Build.0 = Debug|Any CPU
		{AB55FF76-52B1-4D50-9514-42B75548DAA3}.Release|Any CPU.ActiveCfg = Release|Any CPU
		{AB55FF76-52B1-4D50-9514-42B75548DAA3}.Release|Any CPU.Build.0 = Release|Any CPU
		{3442FC1F-E44B-41ED-869B-E77B53EE1BC1}.Debug|Any CPU.ActiveCfg = Debug|Any CPU
		{3442FC1F-E44B-41ED-869B-E77B53EE1BC1}.Debug|Any CPU.Build.0 = Debug|Any CPU
		{3442FC1F-E44B-41ED-869B-E77B53EE1BC1}.Release|Any CPU.ActiveCfg = Release|Any CPU
		{3442FC1F-E44B-41ED-869B-E77B53EE1BC1}.Release|Any CPU.Build.0 = Release|Any CPU
		{1B99B0E4-6DF8-4F1C-8EA7-F403A59A7769}.Debug|Any CPU.ActiveCfg = Debug|Any CPU
		{1B99B0E4-6DF8-4F1C-8EA7-F403A59A7769}.Debug|Any CPU.Build.0 = Debug|Any CPU
		{1B99B0E4-6DF8-4F1C-8EA7-F403A59A7769}.Release|Any CPU.ActiveCfg = Release|Any CPU
		{1B99B0E4-6DF8-4F1C-8EA7-F403A59A7769}.Release|Any CPU.Build.0 = Release|Any CPU
		{ABE11A17-A078-4119-B12F-A6C600FD4DB1}.Debug|Any CPU.ActiveCfg = Debug|Any CPU
		{ABE11A17-A078-4119-B12F-A6C600FD4DB1}.Debug|Any CPU.Build.0 = Debug|Any CPU
		{ABE11A17-A078-4119-B12F-A6C600FD4DB1}.Release|Any CPU.ActiveCfg = Release|Any CPU
		{ABE11A17-A078-4119-B12F-A6C600FD4DB1}.Release|Any CPU.Build.0 = Release|Any CPU
		{4D3B65C9-ADFE-49DC-B507-779FE2BC708F}.Debug|Any CPU.ActiveCfg = Debug|Any CPU
		{4D3B65C9-ADFE-49DC-B507-779FE2BC708F}.Debug|Any CPU.Build.0 = Debug|Any CPU
		{4D3B65C9-ADFE-49DC-B507-779FE2BC708F}.Release|Any CPU.ActiveCfg = Release|Any CPU
		{4D3B65C9-ADFE-49DC-B507-779FE2BC708F}.Release|Any CPU.Build.0 = Release|Any CPU
		{A8F5D102-AB4F-4E10-A74A-CC4CA1DA15A6}.Debug|Any CPU.ActiveCfg = Debug|Any CPU
		{A8F5D102-AB4F-4E10-A74A-CC4CA1DA15A6}.Debug|Any CPU.Build.0 = Debug|Any CPU
		{A8F5D102-AB4F-4E10-A74A-CC4CA1DA15A6}.Release|Any CPU.ActiveCfg = Release|Any CPU
		{A8F5D102-AB4F-4E10-A74A-CC4CA1DA15A6}.Release|Any CPU.Build.0 = Release|Any CPU
		{BC1349BC-2140-4AE1-A9AD-EAAD80721BCB}.Debug|Any CPU.ActiveCfg = Debug|Any CPU
		{BC1349BC-2140-4AE1-A9AD-EAAD80721BCB}.Debug|Any CPU.Build.0 = Debug|Any CPU
		{BC1349BC-2140-4AE1-A9AD-EAAD80721BCB}.Release|Any CPU.ActiveCfg = Release|Any CPU
		{BC1349BC-2140-4AE1-A9AD-EAAD80721BCB}.Release|Any CPU.Build.0 = Release|Any CPU
		{EED809E3-0A0D-41B2-9D7A-7D32E11E3683}.Debug|Any CPU.ActiveCfg = Debug|Any CPU
		{EED809E3-0A0D-41B2-9D7A-7D32E11E3683}.Debug|Any CPU.Build.0 = Debug|Any CPU
		{EED809E3-0A0D-41B2-9D7A-7D32E11E3683}.Release|Any CPU.ActiveCfg = Release|Any CPU
		{EED809E3-0A0D-41B2-9D7A-7D32E11E3683}.Release|Any CPU.Build.0 = Release|Any CPU
		{3938BEFB-2657-4AD9-B02A-F3BC7C9213AF}.Debug|Any CPU.ActiveCfg = Debug|Any CPU
		{3938BEFB-2657-4AD9-B02A-F3BC7C9213AF}.Debug|Any CPU.Build.0 = Debug|Any CPU
		{3938BEFB-2657-4AD9-B02A-F3BC7C9213AF}.Release|Any CPU.ActiveCfg = Release|Any CPU
		{3938BEFB-2657-4AD9-B02A-F3BC7C9213AF}.Release|Any CPU.Build.0 = Release|Any CPU
		{AEED4148-3FF6-442C-B093-083F83896497}.Debug|Any CPU.ActiveCfg = Debug|Any CPU
		{AEED4148-3FF6-442C-B093-083F83896497}.Debug|Any CPU.Build.0 = Debug|Any CPU
		{AEED4148-3FF6-442C-B093-083F83896497}.Release|Any CPU.ActiveCfg = Release|Any CPU
		{AEED4148-3FF6-442C-B093-083F83896497}.Release|Any CPU.Build.0 = Release|Any CPU
		{1D296005-327B-4499-A4D5-4DDD418BFEDC}.Debug|Any CPU.ActiveCfg = Debug
		{1D296005-327B-4499-A4D5-4DDD418BFEDC}.Debug|Any CPU.Build.0 = Debug
		{1D296005-327B-4499-A4D5-4DDD418BFEDC}.Release|Any CPU.ActiveCfg = Release
		{1D296005-327B-4499-A4D5-4DDD418BFEDC}.Release|Any CPU.Build.0 = Release
		{CA831895-7489-4FC3-8A2E-66DA47161CED}.Debug|Any CPU.ActiveCfg = Debug|Any CPU
		{CA831895-7489-4FC3-8A2E-66DA47161CED}.Debug|Any CPU.Build.0 = Debug|Any CPU
		{CA831895-7489-4FC3-8A2E-66DA47161CED}.Release|Any CPU.ActiveCfg = Release|Any CPU
		{CA831895-7489-4FC3-8A2E-66DA47161CED}.Release|Any CPU.Build.0 = Release|Any CPU
	EndGlobalSection
	GlobalSection(SolutionProperties) = preSolution
		HideSolutionNode = FALSE
	EndGlobalSection
	GlobalSection(MonoDevelopProperties) = preSolution
		StartupItem = ..\..\TestSuiteGenerator\vs2008\TestSuiteGenerator.csproj
	EndGlobalSection
EndGlobal
