
Microsoft Visual Studio Solution File, Format Version 10.00
# Visual Studio 2008
Project("{8BC9CEB8-8B4A-11D0-8D11-00A0C91BC942}") = "c3ga_c_example_step1", "c3ga_c_example_step1.vcproj", "{26521966-91AF-4850-9E88-B97F76AC3C15}"
EndProject
Global
	GlobalSection(SolutionConfigurationPlatforms) = preSolution
		Debug|Win32 = Debug|Win32
		Release|Win32 = Release|Win32
	EndGlobalSection
	GlobalSection(ProjectConfigurationPlatforms) = postSolution
		{26521966-91AF-4850-9E88-B97F76AC3C15}.Debug|Win32.ActiveCfg = Debug|Win32
		{26521966-91AF-4850-9E88-B97F76AC3C15}.Debug|Win32.Build.0 = Debug|Win32
		{26521966-91AF-4850-9E88-B97F76AC3C15}.Release|Win32.ActiveCfg = Release|Win32
		{26521966-91AF-4850-9E88-B97F76AC3C15}.Release|Win32.Build.0 = Release|Win32
	EndGlobalSection
	GlobalSection(SolutionProperties) = preSolution
		HideSolutionNode = FALSE
	EndGlobalSection
EndGlobal
